
Microsoft Visual Studio Solution File, Format Version 12.00
# Visual Studio Version 17
VisualStudioVersion = 17.9.34701.34
MinimumVisualStudioVersion = 10.0.40219.1
Project("{F184B08F-C81C-45F6-A57F-5ABD9991F28F}") = "Throw Exception", "Throw Exception\Throw Exception.vbproj", "{E88A48D2-7170-444C-8DA6-D81E12AB91BF}"
EndProject
Global
	GlobalSection(SolutionConfigurationPlatforms) = preSolution
		Debug|Any CPU = Debug|Any CPU
		Release|Any CPU = Release|Any CPU
	EndGlobalSection
	GlobalSection(ProjectConfigurationPlatforms) = postSolution
		{E88A48D2-7170-444C-8DA6-D81E12AB91BF}.Debug|Any CPU.ActiveCfg = Debug|Any CPU
		{E88A48D2-7170-444C-8DA6-D81E12AB91BF}.Debug|Any CPU.Build.0 = Debug|Any CPU
		{E88A48D2-7170-444C-8DA6-D81E12AB91BF}.Release|Any CPU.ActiveCfg = Release|Any CPU
		{E88A48D2-7170-444C-8DA6-D81E12AB91BF}.Release|Any CPU.Build.0 = Release|Any CPU
	EndGlobalSection
	GlobalSection(SolutionProperties) = preSolution
		HideSolutionNode = FALSE
	EndGlobalSection
	GlobalSection(ExtensibilityGlobals) = postSolution
		SolutionGuid = {E98ED199-C978-42F5-A0CF-7F7AEC8251E4}
	EndGlobalSection
EndGlobal
