
Microsoft Visual Studio Solution File, Format Version 12.00
# Visual Studio Version 17
VisualStudioVersion = 17.9.34701.34
MinimumVisualStudioVersion = 10.0.40219.1
Project("{F184B08F-C81C-45F6-A57F-5ABD9991F28F}") = "Division", "Division\Division.vbproj", "{E707163F-5630-4DB5-9C8E-51E4005ECFAC}"
EndProject
Global
	GlobalSection(SolutionConfigurationPlatforms) = preSolution
		Debug|Any CPU = Debug|Any CPU
		Release|Any CPU = Release|Any CPU
	EndGlobalSection
	GlobalSection(ProjectConfigurationPlatforms) = postSolution
		{E707163F-5630-4DB5-9C8E-51E4005ECFAC}.Debug|Any CPU.ActiveCfg = Debug|Any CPU
		{E707163F-5630-4DB5-9C8E-51E4005ECFAC}.Debug|Any CPU.Build.0 = Debug|Any CPU
		{E707163F-5630-4DB5-9C8E-51E4005ECFAC}.Release|Any CPU.ActiveCfg = Release|Any CPU
		{E707163F-5630-4DB5-9C8E-51E4005ECFAC}.Release|Any CPU.Build.0 = Release|Any CPU
	EndGlobalSection
	GlobalSection(SolutionProperties) = preSolution
		HideSolutionNode = FALSE
	EndGlobalSection
	GlobalSection(ExtensibilityGlobals) = postSolution
		SolutionGuid = {AE7BE6C1-1705-414A-946A-B6E778F7F8A5}
	EndGlobalSection
EndGlobal
