
Microsoft Visual Studio Solution File, Format Version 12.00
# Visual Studio Version 17
VisualStudioVersion = 17.9.34701.34
MinimumVisualStudioVersion = 10.0.40219.1
Project("{F184B08F-C81C-45F6-A57F-5ABD9991F28F}") = "Armstrong Number", "Armstrong Number\Armstrong Number.vbproj", "{4A2A8CD4-21C4-46A1-A706-E9C652E01D49}"
EndProject
Global
	GlobalSection(SolutionConfigurationPlatforms) = preSolution
		Debug|Any CPU = Debug|Any CPU
		Release|Any CPU = Release|Any CPU
	EndGlobalSection
	GlobalSection(ProjectConfigurationPlatforms) = postSolution
		{4A2A8CD4-21C4-46A1-A706-E9C652E01D49}.Debug|Any CPU.ActiveCfg = Debug|Any CPU
		{4A2A8CD4-21C4-46A1-A706-E9C652E01D49}.Debug|Any CPU.Build.0 = Debug|Any CPU
		{4A2A8CD4-21C4-46A1-A706-E9C652E01D49}.Release|Any CPU.ActiveCfg = Release|Any CPU
		{4A2A8CD4-21C4-46A1-A706-E9C652E01D49}.Release|Any CPU.Build.0 = Release|Any CPU
	EndGlobalSection
	GlobalSection(SolutionProperties) = preSolution
		HideSolutionNode = FALSE
	EndGlobalSection
	GlobalSection(ExtensibilityGlobals) = postSolution
		SolutionGuid = {7DEEDA84-DAAC-415C-A090-3F6C05A95141}
	EndGlobalSection
EndGlobal
