
Microsoft Visual Studio Solution File, Format Version 12.00
# Visual Studio Version 17
VisualStudioVersion = 17.9.34701.34
MinimumVisualStudioVersion = 10.0.40219.1
Project("{F184B08F-C81C-45F6-A57F-5ABD9991F28F}") = "Multiplication", "Multiplication\Multiplication.vbproj", "{B1B60772-5CB0-4110-A5F8-C7F0F9A9D763}"
EndProject
Global
	GlobalSection(SolutionConfigurationPlatforms) = preSolution
		Debug|Any CPU = Debug|Any CPU
		Release|Any CPU = Release|Any CPU
	EndGlobalSection
	GlobalSection(ProjectConfigurationPlatforms) = postSolution
		{B1B60772-5CB0-4110-A5F8-C7F0F9A9D763}.Debug|Any CPU.ActiveCfg = Debug|Any CPU
		{B1B60772-5CB0-4110-A5F8-C7F0F9A9D763}.Debug|Any CPU.Build.0 = Debug|Any CPU
		{B1B60772-5CB0-4110-A5F8-C7F0F9A9D763}.Release|Any CPU.ActiveCfg = Release|Any CPU
		{B1B60772-5CB0-4110-A5F8-C7F0F9A9D763}.Release|Any CPU.Build.0 = Release|Any CPU
	EndGlobalSection
	GlobalSection(SolutionProperties) = preSolution
		HideSolutionNode = FALSE
	EndGlobalSection
	GlobalSection(ExtensibilityGlobals) = postSolution
		SolutionGuid = {992F7C1F-06E1-4938-A6F4-E220E65C8A5F}
	EndGlobalSection
EndGlobal
