
Microsoft Visual Studio Solution File, Format Version 12.00
# Visual Studio Version 17
VisualStudioVersion = 17.9.34701.34
MinimumVisualStudioVersion = 10.0.40219.1
Project("{F184B08F-C81C-45F6-A57F-5ABD9991F28F}") = "For Loop - 3", "For Loop - 3\For Loop - 3.vbproj", "{C5A3620B-5BE0-4CFE-95BD-CC65163347DC}"
EndProject
Global
	GlobalSection(SolutionConfigurationPlatforms) = preSolution
		Debug|Any CPU = Debug|Any CPU
		Release|Any CPU = Release|Any CPU
	EndGlobalSection
	GlobalSection(ProjectConfigurationPlatforms) = postSolution
		{C5A3620B-5BE0-4CFE-95BD-CC65163347DC}.Debug|Any CPU.ActiveCfg = Debug|Any CPU
		{C5A3620B-5BE0-4CFE-95BD-CC65163347DC}.Debug|Any CPU.Build.0 = Debug|Any CPU
		{C5A3620B-5BE0-4CFE-95BD-CC65163347DC}.Release|Any CPU.ActiveCfg = Release|Any CPU
		{C5A3620B-5BE0-4CFE-95BD-CC65163347DC}.Release|Any CPU.Build.0 = Release|Any CPU
	EndGlobalSection
	GlobalSection(SolutionProperties) = preSolution
		HideSolutionNode = FALSE
	EndGlobalSection
	GlobalSection(ExtensibilityGlobals) = postSolution
		SolutionGuid = {690D64EF-CBDE-404C-946B-D794EE5AAD59}
	EndGlobalSection
EndGlobal
