
Microsoft Visual Studio Solution File, Format Version 12.00
# Visual Studio Version 17
VisualStudioVersion = 17.9.34701.34
MinimumVisualStudioVersion = 10.0.40219.1
Project("{F184B08F-C81C-45F6-A57F-5ABD9991F28F}") = "Panel & TabControl", "Panel & TabControl\Panel & TabControl.vbproj", "{6232EC9D-C221-4F29-BFDF-DD7AEEEAA4AC}"
EndProject
Global
	GlobalSection(SolutionConfigurationPlatforms) = preSolution
		Debug|Any CPU = Debug|Any CPU
		Release|Any CPU = Release|Any CPU
	EndGlobalSection
	GlobalSection(ProjectConfigurationPlatforms) = postSolution
		{6232EC9D-C221-4F29-BFDF-DD7AEEEAA4AC}.Debug|Any CPU.ActiveCfg = Debug|Any CPU
		{6232EC9D-C221-4F29-BFDF-DD7AEEEAA4AC}.Debug|Any CPU.Build.0 = Debug|Any CPU
		{6232EC9D-C221-4F29-BFDF-DD7AEEEAA4AC}.Release|Any CPU.ActiveCfg = Release|Any CPU
		{6232EC9D-C221-4F29-BFDF-DD7AEEEAA4AC}.Release|Any CPU.Build.0 = Release|Any CPU
	EndGlobalSection
	GlobalSection(SolutionProperties) = preSolution
		HideSolutionNode = FALSE
	EndGlobalSection
	GlobalSection(ExtensibilityGlobals) = postSolution
		SolutionGuid = {EBC3C10B-1DC5-4D74-9939-F45D6113C7CE}
	EndGlobalSection
EndGlobal
