
Microsoft Visual Studio Solution File, Format Version 12.00
# Visual Studio Version 17
VisualStudioVersion = 17.9.34701.34
MinimumVisualStudioVersion = 10.0.40219.1
Project("{F184B08F-C81C-45F6-A57F-5ABD9991F28F}") = "Single Inheritance", "Single Inheritance\Single Inheritance.vbproj", "{FCC4909B-34CF-41AF-84E3-9318E7FA9B04}"
EndProject
Global
	GlobalSection(SolutionConfigurationPlatforms) = preSolution
		Debug|Any CPU = Debug|Any CPU
		Release|Any CPU = Release|Any CPU
	EndGlobalSection
	GlobalSection(ProjectConfigurationPlatforms) = postSolution
		{FCC4909B-34CF-41AF-84E3-9318E7FA9B04}.Debug|Any CPU.ActiveCfg = Debug|Any CPU
		{FCC4909B-34CF-41AF-84E3-9318E7FA9B04}.Debug|Any CPU.Build.0 = Debug|Any CPU
		{FCC4909B-34CF-41AF-84E3-9318E7FA9B04}.Release|Any CPU.ActiveCfg = Release|Any CPU
		{FCC4909B-34CF-41AF-84E3-9318E7FA9B04}.Release|Any CPU.Build.0 = Release|Any CPU
	EndGlobalSection
	GlobalSection(SolutionProperties) = preSolution
		HideSolutionNode = FALSE
	EndGlobalSection
	GlobalSection(ExtensibilityGlobals) = postSolution
		SolutionGuid = {45B2FE27-3487-47A0-87D0-C1DF66E01431}
	EndGlobalSection
EndGlobal
