
Microsoft Visual Studio Solution File, Format Version 12.00
# Visual Studio Version 17
VisualStudioVersion = 17.9.34701.34
MinimumVisualStudioVersion = 10.0.40219.1
Project("{F184B08F-C81C-45F6-A57F-5ABD9991F28F}") = "Do while  Loop - 1", "Do while  Loop - 1\Do while  Loop - 1.vbproj", "{BD7BFD99-1C8E-4B8C-9C6B-8E817EC3CB04}"
EndProject
Global
	GlobalSection(SolutionConfigurationPlatforms) = preSolution
		Debug|Any CPU = Debug|Any CPU
		Release|Any CPU = Release|Any CPU
	EndGlobalSection
	GlobalSection(ProjectConfigurationPlatforms) = postSolution
		{BD7BFD99-1C8E-4B8C-9C6B-8E817EC3CB04}.Debug|Any CPU.ActiveCfg = Debug|Any CPU
		{BD7BFD99-1C8E-4B8C-9C6B-8E817EC3CB04}.Debug|Any CPU.Build.0 = Debug|Any CPU
		{BD7BFD99-1C8E-4B8C-9C6B-8E817EC3CB04}.Release|Any CPU.ActiveCfg = Release|Any CPU
		{BD7BFD99-1C8E-4B8C-9C6B-8E817EC3CB04}.Release|Any CPU.Build.0 = Release|Any CPU
	EndGlobalSection
	GlobalSection(SolutionProperties) = preSolution
		HideSolutionNode = FALSE
	EndGlobalSection
	GlobalSection(ExtensibilityGlobals) = postSolution
		SolutionGuid = {BC75E239-0E7C-44D4-BAB2-AA5B1E91DAF3}
	EndGlobalSection
EndGlobal
